// !$*UTF8*$!
{
	archiveVersion = 1;
	classes = {
	};
	objectVersion = 45;
	objects = {

/* Begin PBXBuildFile section */
		1D3623260D0F684500981E51 /* LeanplumSampleAppDelegate.m in Sources */ = {isa = PBXBuildFile; fileRef = 1D3623250D0F684500981E51 /* LeanplumSampleAppDelegate.m */; };
		1D60589B0D05DD56006BFB54 /* main.m in Sources */ = {isa = PBXBuildFile; fileRef = 29B97316FDCFA39411CA2CEA /* main.m */; };
		1D60589F0D05DD5A006BFB54 /* Foundation.framework in Frameworks */ = {isa = PBXBuildFile; fileRef = 1D30AB110D05D00D00671497 /* Foundation.framework */; settings = {ATTRIBUTES = (Weak, ); }; };
		1DF5F4E00D08C38300B7A737 /* UIKit.framework in Frameworks */ = {isa = PBXBuildFile; fileRef = 1DF5F4DF0D08C38300B7A737 /* UIKit.framework */; settings = {ATTRIBUTES = (Weak, ); }; };
		2892E4100DC94CBA00A64D0F /* CoreGraphics.framework in Frameworks */ = {isa = PBXBuildFile; fileRef = 2892E40F0DC94CBA00A64D0F /* CoreGraphics.framework */; };
		49379656156B76E200D19614 /* Security.framework in Frameworks */ = {isa = PBXBuildFile; fileRef = 49379655156B76E200D19614 /* Security.framework */; };
		49379658156B76E600D19614 /* CFNetwork.framework in Frameworks */ = {isa = PBXBuildFile; fileRef = 49379657156B76E600D19614 /* CFNetwork.framework */; };
		4937965A156B76EB00D19614 /* SystemConfiguration.framework in Frameworks */ = {isa = PBXBuildFile; fileRef = 49379659156B76EB00D19614 /* SystemConfiguration.framework */; };
		494220EE172A638B00D53A9A /* AdSupport.framework in Frameworks */ = {isa = PBXBuildFile; fileRef = 494220ED172A638B00D53A9A /* AdSupport.framework */; settings = {ATTRIBUTES = (Weak, ); }; };
		498DDF9115F2BE71002E66BB /* libLeanplum.a in Frameworks */ = {isa = PBXBuildFile; fileRef = 498DDF8F15F2BE67002E66BB /* libLeanplum.a */; };
		DF75ABFD116A8252006FF3EB /* MainWindow-iPad.xib in Resources */ = {isa = PBXBuildFile; fileRef = DF75ABFC116A8252006FF3EB /* MainWindow-iPad.xib */; };
		DF7A2FA9123D6C3B00BDD60A /* CoreText.framework in Frameworks */ = {isa = PBXBuildFile; fileRef = DF7A2FA8123D6C3B00BDD60A /* CoreText.framework */; settings = {ATTRIBUTES = (Weak, ); }; };
		DFB121621060279A00E7DB00 /* Mario.png in Resources */ = {isa = PBXBuildFile; fileRef = DFB121611060279A00E7DB00 /* Mario.png */; };
		DFF70C4F1039DA0A0052EE6A /* MainWindow.xib in Resources */ = {isa = PBXBuildFile; fileRef = DFF70C4C1039DA0A0052EE6A /* MainWindow.xib */; };
		DFF7F2F6103602470067ED5B /* QuartzCore.framework in Frameworks */ = {isa = PBXBuildFile; fileRef = DFF7F2F4103602470067ED5B /* QuartzCore.framework */; };
		DFF7F65B103634C70067ED5B /* KeyframeAnimation.m in Sources */ = {isa = PBXBuildFile; fileRef = DFF7F659103634C70067ED5B /* KeyframeAnimation.m */; };
/* End PBXBuildFile section */

/* Begin PBXFileReference section */
		1D30AB110D05D00D00671497 /* Foundation.framework */ = {isa = PBXFileReference; lastKnownFileType = wrapper.framework; name = Foundation.framework; path = System/Library/Frameworks/Foundation.framework; sourceTree = SDKROOT; };
		1D3623240D0F684500981E51 /* LeanplumSampleAppDelegate.h */ = {isa = PBXFileReference; fileEncoding = 4; lastKnownFileType = sourcecode.c.h; name = LeanplumSampleAppDelegate.h; path = Classes/LeanplumSampleAppDelegate.h; sourceTree = "<group>"; };
		1D3623250D0F684500981E51 /* LeanplumSampleAppDelegate.m */ = {isa = PBXFileReference; fileEncoding = 4; lastKnownFileType = sourcecode.c.objc; lineEnding = 0; name = LeanplumSampleAppDelegate.m; path = Classes/LeanplumSampleAppDelegate.m; sourceTree = "<group>"; };
		1D6058910D05DD3D006BFB54 /* LeanplumSample.app */ = {isa = PBXFileReference; explicitFileType = wrapper.application; includeInIndex = 0; path = LeanplumSample.app; sourceTree = BUILT_PRODUCTS_DIR; };
		1DF5F4DF0D08C38300B7A737 /* UIKit.framework */ = {isa = PBXFileReference; lastKnownFileType = wrapper.framework; name = UIKit.framework; path = System/Library/Frameworks/UIKit.framework; sourceTree = SDKROOT; };
		2892E40F0DC94CBA00A64D0F /* CoreGraphics.framework */ = {isa = PBXFileReference; lastKnownFileType = wrapper.framework; name = CoreGraphics.framework; path = System/Library/Frameworks/CoreGraphics.framework; sourceTree = SDKROOT; };
		28A0AAE50D9B0CCF005BE974 /* LeanplumSample_Prefix.pch */ = {isa = PBXFileReference; fileEncoding = 4; lastKnownFileType = sourcecode.c.h; path = LeanplumSample_Prefix.pch; sourceTree = "<group>"; };
		29B97316FDCFA39411CA2CEA /* main.m */ = {isa = PBXFileReference; fileEncoding = 4; lastKnownFileType = sourcecode.c.objc; path = main.m; sourceTree = "<group>"; };
		49379655156B76E200D19614 /* Security.framework */ = {isa = PBXFileReference; lastKnownFileType = wrapper.framework; name = Security.framework; path = System/Library/Frameworks/Security.framework; sourceTree = SDKROOT; };
		49379657156B76E600D19614 /* CFNetwork.framework */ = {isa = PBXFileReference; lastKnownFileType = wrapper.framework; name = CFNetwork.framework; path = System/Library/Frameworks/CFNetwork.framework; sourceTree = SDKROOT; };
		49379659156B76EB00D19614 /* SystemConfiguration.framework */ = {isa = PBXFileReference; lastKnownFileType = wrapper.framework; name = SystemConfiguration.framework; path = System/Library/Frameworks/SystemConfiguration.framework; sourceTree = SDKROOT; };
		494220ED172A638B00D53A9A /* AdSupport.framework */ = {isa = PBXFileReference; lastKnownFileType = wrapper.framework; name = AdSupport.framework; path = System/Library/Frameworks/AdSupport.framework; sourceTree = SDKROOT; };
		498DDF8E15F2BE67002E66BB /* Leanplum.h */ = {isa = PBXFileReference; lastKnownFileType = sourcecode.c.h; name = Leanplum.h; path = ../Leanplum.h; sourceTree = "<group>"; };
		498DDF8F15F2BE67002E66BB /* libLeanplum.a */ = {isa = PBXFileReference; lastKnownFileType = archive.ar; name = libLeanplum.a; path = ../libLeanplum.a; sourceTree = "<group>"; };
		DF75ABFC116A8252006FF3EB /* MainWindow-iPad.xib */ = {isa = PBXFileReference; lastKnownFileType = file.xib; name = "MainWindow-iPad.xib"; path = "Resources-iPad/Resources/MainWindow-iPad.xib"; sourceTree = "<group>"; };
		DF7A2FA8123D6C3B00BDD60A /* CoreText.framework */ = {isa = PBXFileReference; lastKnownFileType = wrapper.framework; name = CoreText.framework; path = iphoneos4.0/System/Library/Frameworks/CoreText.framework; sourceTree = "<group>"; };
		DFB121611060279A00E7DB00 /* Mario.png */ = {isa = PBXFileReference; lastKnownFileType = image.png; path = Mario.png; sourceTree = "<group>"; };
		DFF70C4C1039DA0A0052EE6A /* MainWindow.xib */ = {isa = PBXFileReference; lastKnownFileType = file.xib; path = MainWindow.xib; sourceTree = "<group>"; };
		DFF70C4D1039DA0A0052EE6A /* LeanplumSample-Info.plist */ = {isa = PBXFileReference; fileEncoding = 4; lastKnownFileType = text.plist.xml; path = "LeanplumSample-Info.plist"; sourceTree = "<group>"; };
		DFF7F2F4103602470067ED5B /* QuartzCore.framework */ = {isa = PBXFileReference; lastKnownFileType = wrapper.framework; name = QuartzCore.framework; path = System/Library/Frameworks/QuartzCore.framework; sourceTree = SDKROOT; };
		DFF7F658103634C70067ED5B /* KeyframeAnimation.h */ = {isa = PBXFileReference; fileEncoding = 4; lastKnownFileType = sourcecode.c.h; name = KeyframeAnimation.h; path = Classes/Samples/KeyframeAnimation.h; sourceTree = "<group>"; };
		DFF7F659103634C70067ED5B /* KeyframeAnimation.m */ = {isa = PBXFileReference; fileEncoding = 4; lastKnownFileType = sourcecode.c.objc; lineEnding = 0; name = KeyframeAnimation.m; path = Classes/Samples/KeyframeAnimation.m; sourceTree = "<group>"; };
/* End PBXFileReference section */

/* Begin PBXFrameworksBuildPhase section */
		1D60588F0D05DD3D006BFB54 /* Frameworks */ = {
			isa = PBXFrameworksBuildPhase;
			buildActionMask = 2147483647;
			files = (
				494220EE172A638B00D53A9A /* AdSupport.framework in Frameworks */,
				4937965A156B76EB00D19614 /* SystemConfiguration.framework in Frameworks */,
				49379658156B76E600D19614 /* CFNetwork.framework in Frameworks */,
				49379656156B76E200D19614 /* Security.framework in Frameworks */,
				1D60589F0D05DD5A006BFB54 /* Foundation.framework in Frameworks */,
				1DF5F4E00D08C38300B7A737 /* UIKit.framework in Frameworks */,
				2892E4100DC94CBA00A64D0F /* CoreGraphics.framework in Frameworks */,
				DFF7F2F6103602470067ED5B /* QuartzCore.framework in Frameworks */,
				DF7A2FA9123D6C3B00BDD60A /* CoreText.framework in Frameworks */,
				498DDF9115F2BE71002E66BB /* libLeanplum.a in Frameworks */,
			);
			runOnlyForDeploymentPostprocessing = 0;
		};
/* End PBXFrameworksBuildPhase section */

/* Begin PBXGroup section */
		19C28FACFE9D520D11CA2CBB /* Products */ = {
			isa = PBXGroup;
			children = (
				1D6058910D05DD3D006BFB54 /* LeanplumSample.app */,
			);
			name = Products;
			sourceTree = "<group>";
		};
		29B97314FDCFA39411CA2CEA /* CustomTemplate */ = {
			isa = PBXGroup;
			children = (
				DFF7F658103634C70067ED5B /* KeyframeAnimation.h */,
				DFF7F659103634C70067ED5B /* KeyframeAnimation.m */,
				1D3623240D0F684500981E51 /* LeanplumSampleAppDelegate.h */,
				1D3623250D0F684500981E51 /* LeanplumSampleAppDelegate.m */,
				494934C815F1945600CC5F23 /* Leanplum */,
				29B97315FDCFA39411CA2CEA /* Other Sources */,
				DFF70C441039D9E60052EE6A /* Resources */,
				DF75ABFB116A8251006FF3EB /* Resources-iPad */,
				29B97323FDCFA39411CA2CEA /* Frameworks */,
				19C28FACFE9D520D11CA2CBB /* Products */,
			);
			name = CustomTemplate;
			sourceTree = "<group>";
		};
		29B97315FDCFA39411CA2CEA /* Other Sources */ = {
			isa = PBXGroup;
			children = (
				28A0AAE50D9B0CCF005BE974 /* LeanplumSample_Prefix.pch */,
				29B97316FDCFA39411CA2CEA /* main.m */,
			);
			name = "Other Sources";
			sourceTree = "<group>";
		};
		29B97323FDCFA39411CA2CEA /* Frameworks */ = {
			isa = PBXGroup;
			children = (
				494220ED172A638B00D53A9A /* AdSupport.framework */,
				49379659156B76EB00D19614 /* SystemConfiguration.framework */,
				49379657156B76E600D19614 /* CFNetwork.framework */,
				49379655156B76E200D19614 /* Security.framework */,
				DF7A2FA8123D6C3B00BDD60A /* CoreText.framework */,
				1DF5F4DF0D08C38300B7A737 /* UIKit.framework */,
				1D30AB110D05D00D00671497 /* Foundation.framework */,
				2892E40F0DC94CBA00A64D0F /* CoreGraphics.framework */,
				DFF7F2F4103602470067ED5B /* QuartzCore.framework */,
			);
			name = Frameworks;
			sourceTree = "<group>";
		};
		494934C815F1945600CC5F23 /* Leanplum */ = {
			isa = PBXGroup;
			children = (
				498DDF8E15F2BE67002E66BB /* Leanplum.h */,
				498DDF8F15F2BE67002E66BB /* libLeanplum.a */,
			);
			name = Leanplum;
			sourceTree = "<group>";
		};
		DF75ABFB116A8251006FF3EB /* Resources-iPad */ = {
			isa = PBXGroup;
			children = (
				DF75ABFC116A8252006FF3EB /* MainWindow-iPad.xib */,
			);
			name = "Resources-iPad";
			sourceTree = "<group>";
		};
		DFF70C441039D9E60052EE6A /* Resources */ = {
			isa = PBXGroup;
			children = (
				DFB121611060279A00E7DB00 /* Mario.png */,
				DFF70C4C1039DA0A0052EE6A /* MainWindow.xib */,
				DFF70C4D1039DA0A0052EE6A /* LeanplumSample-Info.plist */,
			);
			path = Resources;
			sourceTree = "<group>";
		};
/* End PBXGroup section */

/* Begin PBXNativeTarget section */
		1D6058900D05DD3D006BFB54 /* LeanplumSample */ = {
			isa = PBXNativeTarget;
			buildConfigurationList = 1D6058960D05DD3E006BFB54 /* Build configuration list for PBXNativeTarget "LeanplumSample" */;
			buildPhases = (
				1D60588D0D05DD3D006BFB54 /* Resources */,
				1D60588E0D05DD3D006BFB54 /* Sources */,
				1D60588F0D05DD3D006BFB54 /* Frameworks */,
			);
			buildRules = (
			);
			dependencies = (
			);
			name = LeanplumSample;
			productName = CA360;
			productReference = 1D6058910D05DD3D006BFB54 /* LeanplumSample.app */;
			productType = "com.apple.product-type.application";
		};
/* End PBXNativeTarget section */

/* Begin PBXProject section */
		29B97313FDCFA39411CA2CEA /* Project object */ = {
			isa = PBXProject;
			attributes = {
			};
			buildConfigurationList = C01FCF4E08A954540054247B /* Build configuration list for PBXProject "LeanplumSample" */;
			compatibilityVersion = "Xcode 3.1";
			developmentRegion = English;
			hasScannedForEncodings = 1;
			knownRegions = (
				English,
				Japanese,
				French,
				German,
				en,
			);
			mainGroup = 29B97314FDCFA39411CA2CEA /* CustomTemplate */;
			projectDirPath = "";
			projectRoot = "";
			targets = (
				1D6058900D05DD3D006BFB54 /* LeanplumSample */,
			);
		};
/* End PBXProject section */

/* Begin PBXResourcesBuildPhase section */
		1D60588D0D05DD3D006BFB54 /* Resources */ = {
			isa = PBXResourcesBuildPhase;
			buildActionMask = 2147483647;
			files = (
				DFF70C4F1039DA0A0052EE6A /* MainWindow.xib in Resources */,
				DFB121621060279A00E7DB00 /* Mario.png in Resources */,
				DF75ABFD116A8252006FF3EB /* MainWindow-iPad.xib in Resources */,
			);
			runOnlyForDeploymentPostprocessing = 0;
		};
/* End PBXResourcesBuildPhase section */

/* Begin PBXSourcesBuildPhase section */
		1D60588E0D05DD3D006BFB54 /* Sources */ = {
			isa = PBXSourcesBuildPhase;
			buildActionMask = 2147483647;
			files = (
				1D60589B0D05DD56006BFB54 /* main.m in Sources */,
				1D3623260D0F684500981E51 /* LeanplumSampleAppDelegate.m in Sources */,
				DFF7F65B103634C70067ED5B /* KeyframeAnimation.m in Sources */,
			);
			runOnlyForDeploymentPostprocessing = 0;
		};
/* End PBXSourcesBuildPhase section */

/* Begin XCBuildConfiguration section */
		1D6058940D05DD3E006BFB54 /* Debug */ = {
			isa = XCBuildConfiguration;
			buildSettings = {
				ALWAYS_SEARCH_USER_PATHS = NO;
				ARCHS = "$(ARCHS_STANDARD_32_BIT)";
				CODE_SIGN_IDENTITY = "iPhone Developer: Andrew First (Y6MTQ9S5N6)";
				COPY_PHASE_STRIP = NO;
				GCC_DYNAMIC_NO_PIC = NO;
				GCC_OPTIMIZATION_LEVEL = 0;
				GCC_PRECOMPILE_PREFIX_HEADER = YES;
				GCC_PREFIX_HEADER = LeanplumSample_Prefix.pch;
				GCC_PREPROCESSOR_DEFINITIONS = "DEBUG=1";
				GCC_VERSION = com.apple.compilers.llvm.clang.1_0;
				HEADER_SEARCH_PATHS = "";
				INFOPLIST_FILE = "Resources/LeanplumSample-Info.plist";
				IPHONEOS_DEPLOYMENT_TARGET = 4.3;
				LIBRARY_SEARCH_PATHS = (
					"$(inherited)",
					"\"$(SRCROOT)\"",
					"\"$(SRCROOT)/..\"",
				);
				ONLY_ACTIVE_ARCH = YES;
				OTHER_CFLAGS = "";
				OTHER_LDFLAGS = (
					"-ObjC",
					"-fobjc-arc",
					"-weak-lSystem",
				);
				PRODUCT_NAME = LeanplumSample;
				PROVISIONING_PROFILE = "";
				SDKROOT = iphoneos;
				TARGETED_DEVICE_FAMILY = "1,2";
			};
			name = Debug;
		};
		1D6058950D05DD3E006BFB54 /* Release */ = {
			isa = XCBuildConfiguration;
			buildSettings = {
				ALWAYS_SEARCH_USER_PATHS = NO;
				ARCHS = "$(ARCHS_STANDARD_32_BIT)";
				CODE_SIGN_IDENTITY = "";
				"CODE_SIGN_IDENTITY[sdk=iphoneos*]" = "";
				COPY_PHASE_STRIP = YES;
				GCC_PRECOMPILE_PREFIX_HEADER = YES;
				GCC_PREFIX_HEADER = LeanplumSample_Prefix.pch;
				GCC_VERSION = com.apple.compilers.llvm.clang.1_0;
				HEADER_SEARCH_PATHS = "";
				INFOPLIST_FILE = "Resources/LeanplumSample-Info.plist";
				IPHONEOS_DEPLOYMENT_TARGET = 4.3;
				LIBRARY_SEARCH_PATHS = (
					"$(inherited)",
					"\"$(SRCROOT)\"",
					"\"$(SRCROOT)/..\"",
				);
				OTHER_LDFLAGS = (
					"-ObjC",
					"-fobjc-arc",
					"-weak-lSystem",
				);
				PRODUCT_NAME = LeanplumSample;
				SDKROOT = iphoneos;
				TARGETED_DEVICE_FAMILY = "1,2";
			};
			name = Release;
		};
		C01FCF4F08A954540054247B /* Debug */ = {
			isa = XCBuildConfiguration;
			buildSettings = {
				ARCHS = "$(ARCHS_STANDARD_32_BIT)";
				CODE_SIGN_IDENTITY = "iPhone Developer";
				"CODE_SIGN_IDENTITY[sdk=iphoneos*]" = "iPhone Developer";
				COPY_PHASE_STRIP = NO;
				GCC_C_LANGUAGE_STANDARD = c99;
				GCC_PRECOMPILE_PREFIX_HEADER = YES;
				GCC_PREFIX_HEADER = LeanplumSample_Prefix.pch;
				GCC_VERSION = com.apple.compilers.llvm.clang.1_0;
				GCC_WARN_ABOUT_RETURN_TYPE = YES;
				GCC_WARN_UNUSED_VARIABLE = YES;
				IPHONEOS_DEPLOYMENT_TARGET = 4.3;
				ONLY_ACTIVE_ARCH = YES;
				PREBINDING = NO;
				PROVISIONING_PROFILE = "";
				RUN_CLANG_STATIC_ANALYZER = YES;
				SDKROOT = iphoneos;
				TARGETED_DEVICE_FAMILY = "1,2";
			};
			name = Debug;
		};
		C01FCF5008A954540054247B /* Release */ = {
			isa = XCBuildConfiguration;
			buildSettings = {
				ARCHS = "$(ARCHS_STANDARD_32_BIT)";
				CODE_SIGN_IDENTITY = "";
				"CODE_SIGN_IDENTITY[sdk=iphoneos*]" = "";
				GCC_C_LANGUAGE_STANDARD = c99;
				GCC_PRECOMPILE_PREFIX_HEADER = YES;
				GCC_PREFIX_HEADER = LeanplumSample_Prefix.pch;
				GCC_VERSION = com.apple.compilers.llvm.clang.1_0;
				GCC_WARN_ABOUT_RETURN_TYPE = YES;
				GCC_WARN_UNUSED_VARIABLE = YES;
				IPHONEOS_DEPLOYMENT_TARGET = 4.3;
				PREBINDING = NO;
				RUN_CLANG_STATIC_ANALYZER = YES;
				SDKROOT = iphoneos;
				TARGETED_DEVICE_FAMILY = "1,2";
			};
			name = Release;
		};
/* End XCBuildConfiguration section */

/* Begin XCConfigurationList section */
		1D6058960D05DD3E006BFB54 /* Build configuration list for PBXNativeTarget "LeanplumSample" */ = {
			isa = XCConfigurationList;
			buildConfigurations = (
				1D6058940D05DD3E006BFB54 /* Debug */,
				1D6058950D05DD3E006BFB54 /* Release */,
			);
			defaultConfigurationIsVisible = 0;
			defaultConfigurationName = Release;
		};
		C01FCF4E08A954540054247B /* Build configuration list for PBXProject "LeanplumSample" */ = {
			isa = XCConfigurationList;
			buildConfigurations = (
				C01FCF4F08A954540054247B /* Debug */,
				C01FCF5008A954540054247B /* Release */,
			);
			defaultConfigurationIsVisible = 0;
			defaultConfigurationName = Release;
		};
/* End XCConfigurationList section */
	};
	rootObject = 29B97313FDCFA39411CA2CEA /* Project object */;
}
